
Microsoft Visual Studio Solution File, Format Version 12.00
# Visual Studio Version 16
VisualStudioVersion = 16.0.31129.286
MinimumVisualStudioVersion = 10.0.40219.1
Project("{FAE04EC0-301F-11D3-BF4B-00C04F79EFBC}") = "3 лаб", "3 лаб.csproj", "{8CACB2F7-4AD8-4C2C-90F2-0D01F6E91302}"
EndProject
Global
	GlobalSection(SolutionConfigurationPlatforms) = preSolution
		Debug|Any CPU = Debug|Any CPU
		Release|Any CPU = Release|Any CPU
	EndGlobalSection
	GlobalSection(ProjectConfigurationPlatforms) = postSolution
		{8CACB2F7-4AD8-4C2C-90F2-0D01F6E91302}.Debug|Any CPU.ActiveCfg = Debug|Any CPU
		{8CACB2F7-4AD8-4C2C-90F2-0D01F6E91302}.Debug|Any CPU.Build.0 = Debug|Any CPU
		{8CACB2F7-4AD8-4C2C-90F2-0D01F6E91302}.Release|Any CPU.ActiveCfg = Release|Any CPU
		{8CACB2F7-4AD8-4C2C-90F2-0D01F6E91302}.Release|Any CPU.Build.0 = Release|Any CPU
	EndGlobalSection
	GlobalSection(SolutionProperties) = preSolution
		HideSolutionNode = FALSE
	EndGlobalSection
	GlobalSection(ExtensibilityGlobals) = postSolution
		SolutionGuid = {E71A1E4D-2A86-465E-B255-A2B6BDBE6848}
	EndGlobalSection
EndGlobal
