
Microsoft Visual Studio Solution File, Format Version 12.00
# Visual Studio Version 16
VisualStudioVersion = 16.0.31129.286
MinimumVisualStudioVersion = 10.0.40219.1
Project("{FAE04EC0-301F-11D3-BF4B-00C04F79EFBC}") = "11 лаба", "11 лаба.csproj", "{2D096F13-313F-4C65-8727-5E700ACB4784}"
EndProject
Global
	GlobalSection(SolutionConfigurationPlatforms) = preSolution
		Debug|Any CPU = Debug|Any CPU
		Release|Any CPU = Release|Any CPU
	EndGlobalSection
	GlobalSection(ProjectConfigurationPlatforms) = postSolution
		{2D096F13-313F-4C65-8727-5E700ACB4784}.Debug|Any CPU.ActiveCfg = Debug|Any CPU
		{2D096F13-313F-4C65-8727-5E700ACB4784}.Debug|Any CPU.Build.0 = Debug|Any CPU
		{2D096F13-313F-4C65-8727-5E700ACB4784}.Release|Any CPU.ActiveCfg = Release|Any CPU
		{2D096F13-313F-4C65-8727-5E700ACB4784}.Release|Any CPU.Build.0 = Release|Any CPU
	EndGlobalSection
	GlobalSection(SolutionProperties) = preSolution
		HideSolutionNode = FALSE
	EndGlobalSection
	GlobalSection(ExtensibilityGlobals) = postSolution
		SolutionGuid = {0A37BB05-6008-47AA-971A-E9F90EA7E444}
	EndGlobalSection
EndGlobal
